# Generated by conda-lock.
# platform: linux-64
# input_hash: d08f62436191328c5863dca8ebb2149654d10daeaa4914e6b4ef740b1bb556b0
@EXPLICIT
https://conda.anaconda.org/conda-forge/linux-64/_libgcc_mutex-0.1-conda_forge.tar.bz2#d7c89558ba9fa0495403155b64376d81
https://conda.anaconda.org/conda-forge/linux-64/ca-certificates-2022.9.24-ha878542_0.tar.bz2#41e4e87062433e283696cf384f952ef6
https://conda.anaconda.org/conda-forge/linux-64/ld_impl_linux-64-2.39-hc81fddc_0.tar.bz2#c2719e2faa7bd7076d3a4b52271e5622
https://conda.anaconda.org/conda-forge/linux-64/libgfortran5-12.2.0-h337968e_19.tar.bz2#164b4b1acaedc47ee7e658ae6b308ca3
https://conda.anaconda.org/conda-forge/linux-64/libstdcxx-ng-12.2.0-h46fd767_19.tar.bz2#1030b1f38c129f2634eae026f704fe60
https://conda.anaconda.org/conda-forge/linux-64/libgfortran-ng-12.2.0-h69a702a_19.tar.bz2#cd7a806282c16e1f2d39a7e80d3a3e0d
https://conda.anaconda.org/conda-forge/linux-64/libgomp-12.2.0-h65d4601_19.tar.bz2#cedcee7c064c01c403f962c9e8d3c373
https://conda.anaconda.org/conda-forge/linux-64/_openmp_mutex-4.5-2_gnu.tar.bz2#73aaf86a425cc6e73fcf236a5a46396d
https://conda.anaconda.org/conda-forge/linux-64/libgcc-ng-12.2.0-h65d4601_19.tar.bz2#e4c94f80aef025c17ab0828cd85ef535
https://conda.anaconda.org/conda-forge/linux-64/bzip2-1.0.8-h7f98852_4.tar.bz2#a1fd65c7ccbf10880423d82bca54eb54
https://conda.anaconda.org/conda-forge/linux-64/expat-2.5.0-h27087fc_0.tar.bz2#c4fbad8d4bddeb3c085f18cbf97fbfad
https://conda.anaconda.org/conda-forge/linux-64/geos-3.9.1-h9c3ff4c_2.tar.bz2#b9a6d9422aed3ad84ec6ccee9bfcaa0f
https://conda.anaconda.org/conda-forge/linux-64/gettext-0.21.1-h27087fc_0.tar.bz2#14947d8770185e5153fdd04d4673ed37
https://conda.anaconda.org/conda-forge/linux-64/icu-64.2-he1b5a44_1.tar.bz2#8e881214a23508f1541eb7a3135d6fcb
https://conda.anaconda.org/conda-forge/linux-64/jpeg-9e-h166bdaf_2.tar.bz2#ee8b844357a0946870901c7c6f418268
https://conda.anaconda.org/conda-forge/linux-64/lerc-4.0.0-h27087fc_0.tar.bz2#76bbff344f0134279f225174e9064c8f
https://conda.anaconda.org/conda-forge/linux-64/libdeflate-1.14-h166bdaf_0.tar.bz2#fc84a0446e4e4fb882e78d786cfb9734
https://conda.anaconda.org/conda-forge/linux-64/libffi-3.4.2-h7f98852_5.tar.bz2#d645c6d2ac96843a2bfaccd2d62b3ac3
https://conda.anaconda.org/conda-forge/linux-64/libiconv-1.17-h166bdaf_0.tar.bz2#b62b52da46c39ee2bc3c162ac7f1804d
https://conda.anaconda.org/conda-forge/linux-64/libnsl-2.0.0-h7f98852_0.tar.bz2#39b1328babf85c7c3a61636d9cd50206
https://conda.anaconda.org/conda-forge/linux-64/libopenblas-0.3.21-pthreads_h78a6416_3.tar.bz2#8c5963a49b6035c40646a763293fbb35
https://conda.anaconda.org/conda-forge/linux-64/libsodium-1.0.18-h36c2ea0_1.tar.bz2#c3788462a6fbddafdb413a9f9053e58d
https://conda.anaconda.org/conda-forge/linux-64/libwebp-base-1.2.4-h166bdaf_0.tar.bz2#ac2ccf7323d21f2994e4d1f5da664f37
https://conda.anaconda.org/conda-forge/linux-64/libzlib-1.2.13-h166bdaf_4.tar.bz2#f3f9de449d32ca9b9c66a22863c96f41
https://conda.anaconda.org/conda-forge/linux-64/ncurses-6.3-h27087fc_1.tar.bz2#4acfc691e64342b9dae57cf2adc63238
https://conda.anaconda.org/conda-forge/linux-64/openssl-3.0.7-h166bdaf_0.tar.bz2#d1ad1824c71e67dea42f07e06cd177dc
https://conda.anaconda.org/conda-forge/linux-64/pthread-stubs-0.4-h36c2ea0_1001.tar.bz2#22dad4df6e8630e8dff2428f6f6a7036
https://conda.anaconda.org/conda-forge/linux-64/unzip-6.0-h7f98852_3.tar.bz2#7cb7109505433a5abbf68bb34b31edac
https://conda.anaconda.org/conda-forge/linux-64/xorg-libxau-1.0.9-h7f98852_0.tar.bz2#bf6f803a544f26ebbdc3bfff272eb179
https://conda.anaconda.org/conda-forge/linux-64/xorg-libxdmcp-1.1.3-h7f98852_0.tar.bz2#be93aabceefa2fac576e971aef407908
https://conda.anaconda.org/conda-forge/linux-64/xz-5.2.6-h166bdaf_0.tar.bz2#2161070d867d1b1204ea749c8eec4ef0
https://conda.anaconda.org/conda-forge/linux-64/yaml-0.2.5-h7f98852_2.tar.bz2#4cb3ad778ec2d5a7acbdf254eb1c42ae
https://conda.anaconda.org/conda-forge/linux-64/libblas-3.9.0-16_linux64_openblas.tar.bz2#d9b7a8639171f6c6fa0a983edabcfe2b
https://conda.anaconda.org/conda-forge/linux-64/libpng-1.6.38-h753d276_0.tar.bz2#575078de1d3a3114b3ce131bd1508d0c
https://conda.anaconda.org/conda-forge/linux-64/libsqlite-3.39.4-h753d276_0.tar.bz2#978924c298fc2215f129e8171bbea688
https://conda.anaconda.org/conda-forge/linux-64/libxcb-1.13-h7f98852_1004.tar.bz2#b3653fdc58d03face9724f602218a904
https://conda.anaconda.org/conda-forge/linux-64/pandoc-2.19.2-h32600fe_1.tar.bz2#35a82883468c85ac8bf41f083c1933cf
https://conda.anaconda.org/conda-forge/linux-64/pcre2-10.40-hc3806b6_0.tar.bz2#69e2c796349cd9b273890bee0febfe1b
https://conda.anaconda.org/conda-forge/linux-64/readline-8.1.2-h0f457ee_0.tar.bz2#db2ebbe2943aae81ed051a6a9af8e0fa
https://conda.anaconda.org/conda-forge/linux-64/tk-8.6.12-h27826a3_0.tar.bz2#5b8c42eb62e9fc961af70bdd6a26e168
https://conda.anaconda.org/conda-forge/linux-64/zeromq-4.3.4-h9c3ff4c_1.tar.bz2#21743a8d2ea0c8cfbbf8fe489b0347df
https://conda.anaconda.org/conda-forge/linux-64/zstd-1.5.2-h6239696_4.tar.bz2#adcf0be7897e73e312bd24353b613f74
https://conda.anaconda.org/conda-forge/linux-64/freetype-2.12.1-hca18f0e_0.tar.bz2#4e54cbfc47b8c74c2ecc1e7730d8edce
https://conda.anaconda.org/conda-forge/linux-64/libcblas-3.9.0-16_linux64_openblas.tar.bz2#20bae26d0a1db73f758fc3754cab4719
https://conda.anaconda.org/conda-forge/linux-64/libglib-2.74.1-h606061b_1.tar.bz2#ed5349aa96776e00b34eccecf4a948fe
https://conda.anaconda.org/conda-forge/linux-64/liblapack-3.9.0-16_linux64_openblas.tar.bz2#955d993f41f9354bf753d29864ea20ad
https://conda.anaconda.org/conda-forge/linux-64/libtiff-4.4.0-h55922b4_4.tar.bz2#901791f0ec7cddc8714e76e273013a91
https://conda.anaconda.org/conda-forge/linux-64/sqlite-3.39.4-h4ff8645_0.tar.bz2#643c271de2dd23ecbd107284426cebc2
https://conda.anaconda.org/conda-forge/linux-64/dbus-1.13.6-h5008d03_3.tar.bz2#ecfff944ba3960ecb334b9a2663d708d
https://conda.anaconda.org/conda-forge/linux-64/lcms2-2.14-h6ed2654_0.tar.bz2#dcc588839de1445d90995a0a2c4f3a39
https://conda.anaconda.org/conda-forge/linux-64/openjpeg-2.5.0-h7d73246_1.tar.bz2#a11b4df9271a8d7917686725aa04c8f2
https://conda.anaconda.org/conda-forge/linux-64/python-3.7.12-hf930737_100_cpython.tar.bz2#416558a6f46b7a1fa8db7d0e98aff56a
https://conda.anaconda.org/conda-forge/noarch/appdirs-1.4.4-pyh9f0ad1d_0.tar.bz2#5f095bc6454094e96f146491fd03633b
https://conda.anaconda.org/conda-forge/noarch/async_generator-1.10-py_0.tar.bz2#d56c596e61b1c4952acf0a9920856c12
https://conda.anaconda.org/conda-forge/noarch/attrs-22.1.0-pyh71513ae_1.tar.bz2#6d3ccbc56256204925bfa8378722792f
https://conda.anaconda.org/conda-forge/noarch/backcall-0.2.0-pyh9f0ad1d_0.tar.bz2#6006a6d08a3fa99268a2681c7fb55213
https://conda.anaconda.org/conda-forge/noarch/backports-1.0-py_2.tar.bz2#0da16b293affa6ac31812376f8eb79dd
https://conda.anaconda.org/conda-forge/noarch/blinker-1.5-pyhd8ed1ab_0.tar.bz2#f473c4e32d8180733ba5594d122cb637
https://conda.anaconda.org/conda-forge/noarch/certifi-2022.9.24-pyhd8ed1ab_0.tar.bz2#f66309b099374af91369e67e84af397d
https://conda.anaconda.org/conda-forge/noarch/cloudpickle-2.2.0-pyhd8ed1ab_0.tar.bz2#a6cf47b09786423200d7982d1faa19eb
https://conda.anaconda.org/conda-forge/noarch/colorama-0.4.6-pyhd8ed1ab_0.tar.bz2#3faab06a954c2a04039983f2c4a50d99
https://conda.anaconda.org/conda-forge/noarch/cycler-0.11.0-pyhd8ed1ab_0.tar.bz2#a50559fad0affdbb33729a68669ca1cb
https://conda.anaconda.org/conda-forge/noarch/decorator-5.1.1-pyhd8ed1ab_0.tar.bz2#43afe5ab04e35e17ba28649471dd7364
https://conda.anaconda.org/conda-forge/noarch/defusedxml-0.7.1-pyhd8ed1ab_0.tar.bz2#961b3a227b437d82ad7054484cfa71b2
https://conda.anaconda.org/conda-forge/noarch/entrypoints-0.4-pyhd8ed1ab_0.tar.bz2#3cf04868fee0a029769bd41f4b2fbf2d
https://conda.anaconda.org/conda-forge/noarch/flit-core-3.8.0-pyhd8ed1ab_0.tar.bz2#6d5e56de2e65da7aa35fd10131226efa
https://conda.anaconda.org/conda-forge/noarch/fsspec-2022.11.0-pyhd8ed1ab_0.tar.bz2#eb919f2119a6db5d0192f9e9c3711572
https://conda.anaconda.org/conda-forge/linux-64/idna-2.8-py37_1000.tar.bz2#d90538ed6ec2a6dec3f7e935a254be66
https://conda.anaconda.org/conda-forge/noarch/ipython_genutils-0.2.0-py_1.tar.bz2#5071c982548b3a20caf70462f04f5287
https://conda.anaconda.org/conda-forge/noarch/jeepney-0.8.0-pyhd8ed1ab_0.tar.bz2#9800ad1699b42612478755a2d26c722d
https://conda.anaconda.org/conda-forge/noarch/json5-0.9.5-pyh9f0ad1d_0.tar.bz2#10759827a94e6b14996e81fb002c0bda
https://conda.anaconda.org/conda-forge/noarch/locket-1.0.0-pyhd8ed1ab_0.tar.bz2#91e27ef3d05cc772ce627e51cff111c4
https://conda.anaconda.org/conda-forge/noarch/mistune-2.0.4-pyhd8ed1ab_0.tar.bz2#78e0a90393b79b378b8ff6d32893d58a
https://conda.anaconda.org/conda-forge/noarch/more-itertools-9.0.0-pyhd8ed1ab_0.tar.bz2#9b6ad26944f19f599800b068e0582227
https://conda.anaconda.org/conda-forge/noarch/nest-asyncio-1.5.6-pyhd8ed1ab_0.tar.bz2#7b868f21adde0d9b8b38f9c16836589b
https://conda.anaconda.org/conda-forge/noarch/pamela-1.0.0-py_0.tar.bz2#36f6f18d2f3ae0c93d77a9dbedad08c3
https://conda.anaconda.org/conda-forge/noarch/pandocfilters-1.5.0-pyhd8ed1ab_0.tar.bz2#457c2c8c08e54905d6954e79cb5b5db9
https://conda.anaconda.org/conda-forge/noarch/parso-0.8.3-pyhd8ed1ab_0.tar.bz2#17a565a0c3899244e938cdf417e7b094
https://conda.anaconda.org/conda-forge/noarch/pkgutil-resolve-name-1.3.10-pyhd8ed1ab_0.tar.bz2#89e3c7cdde7d3aaa2aee933b604dd07f
https://conda.anaconda.org/conda-forge/noarch/prometheus_client-0.15.0-pyhd8ed1ab_0.tar.bz2#b260ed41427dbbe70537b3030c643b2e
https://conda.anaconda.org/conda-forge/noarch/ptyprocess-0.7.0-pyhd3deb0d_0.tar.bz2#359eeb6536da0e687af562ed265ec263
https://conda.anaconda.org/conda-forge/noarch/pyavm-0.9.5-pyhac0dd68_0.tar.bz2#1c633a3ad38310eb1173f3b428ca6382
https://conda.anaconda.org/conda-forge/noarch/pycparser-2.21-pyhd8ed1ab_0.tar.bz2#076becd9e05608f8dc72757d5f3a91ff
https://conda.anaconda.org/conda-forge/noarch/pyjwt-2.6.0-pyhd8ed1ab_0.tar.bz2#56d08bbebf5b3719ca2b1688fcfd98a4
https://conda.anaconda.org/conda-forge/noarch/pyparsing-3.0.9-pyhd8ed1ab_0.tar.bz2#e8fbc1b54b25f4b08281467bc13b70cc
https://conda.anaconda.org/conda-forge/noarch/python-fastjsonschema-2.16.2-pyhd8ed1ab_0.tar.bz2#5fe4b6002f505336734ce92961b3e6a0
https://conda.anaconda.org/conda-forge/noarch/python-json-logger-2.0.1-pyh9f0ad1d_0.tar.bz2#aed452f2f9f8bc8b2b0c412975051b5b
https://conda.anaconda.org/conda-forge/noarch/python-wget-3.2-py_0.tar.bz2#fa3a96642ac9f0cf746cf0825a95bcf9
https://conda.anaconda.org/conda-forge/linux-64/python_abi-3.7-2_cp37m.tar.bz2#afff88bf9a7048da740c70aeb8cdbb82
https://conda.anaconda.org/conda-forge/noarch/pytz-2022.6-pyhd8ed1ab_0.tar.bz2#b1f26ad83328e486910ef7f6e81dc061
https://conda.anaconda.org/conda-forge/noarch/send2trash-1.8.0-pyhd8ed1ab_0.tar.bz2#edab14119efe85c3bf131ad747e9005c
https://conda.anaconda.org/conda-forge/noarch/setuptools-65.5.1-pyhd8ed1ab_0.tar.bz2#cfb8dc4d9d285ca5fb1177b9dd450e33
https://conda.anaconda.org/conda-forge/noarch/six-1.16.0-pyh6c4a22f_0.tar.bz2#e5f25f8dbc060e9a8d912e432202afc2
https://conda.anaconda.org/conda-forge/noarch/sniffio-1.3.0-pyhd8ed1ab_0.tar.bz2#dd6cbc539e74cb1f430efbd4575b9303
https://conda.anaconda.org/conda-forge/noarch/soupsieve-2.3.2.post1-pyhd8ed1ab_0.tar.bz2#146f4541d643d48fc8a75cacf69f03ae
https://conda.anaconda.org/conda-forge/noarch/toolz-0.12.0-pyhd8ed1ab_0.tar.bz2#92facfec94bc02d6ccf42e7173831a36
https://conda.anaconda.org/conda-forge/noarch/traitlets-5.5.0-pyhd8ed1ab_0.tar.bz2#63650c013737b2801811bcd94524e863
https://conda.anaconda.org/conda-forge/noarch/typing_extensions-4.4.0-pyha770c72_0.tar.bz2#2d93b130d148d7fc77e583677792fc6a
https://conda.anaconda.org/conda-forge/noarch/webencodings-0.5.1-py_1.tar.bz2#3563be4c5611a44210d9ba0c16113136
https://conda.anaconda.org/conda-forge/noarch/websocket-client-1.4.2-pyhd8ed1ab_0.tar.bz2#5309fca1777cfdd2d7ab582edb8cc41a
https://conda.anaconda.org/conda-forge/noarch/wheel-0.38.4-pyhd8ed1ab_0.tar.bz2#c829cfb8cb826acb9de0ac1a2df0a940
https://conda.anaconda.org/conda-forge/noarch/zipp-3.10.0-pyhd8ed1ab_0.tar.bz2#cd4eb48ebde7de61f92252979aab515c
https://conda.anaconda.org/conda-forge/noarch/anyio-3.6.2-pyhd8ed1ab_0.tar.bz2#8ada050fa88f26916fc1e76e368a49fd
https://conda.anaconda.org/conda-forge/noarch/babel-2.11.0-pyhd8ed1ab_0.tar.bz2#2ea70fde8d581ba9425a761609eed6ba
https://conda.anaconda.org/conda-forge/noarch/backports.functools_lru_cache-1.6.4-pyhd8ed1ab_0.tar.bz2#c5b3edc62d6309088f4970b3eaaa65a6
https://conda.anaconda.org/conda-forge/noarch/beautifulsoup4-4.11.1-pyha770c72_0.tar.bz2#eeec8814bd97b2681f708bb127478d7d
https://conda.anaconda.org/conda-forge/linux-64/cffi-1.15.1-py37h43b0acd_1.tar.bz2#5111b64bdfdd72d85086ec49c952fe0d
https://conda.anaconda.org/conda-forge/linux-64/chardet-3.0.4-py37he5f6b98_1008.tar.bz2#2f4cf1309df625c3eb0314a170fb9593
https://conda.anaconda.org/conda-forge/linux-64/cytoolz-0.12.0-py37h540881e_0.tar.bz2#10c86190c572b3da2c438232e0b82516
https://conda.anaconda.org/conda-forge/linux-64/debugpy-1.6.3-py37hd23a5d3_0.tar.bz2#004724940367fa84ec1d0732c8b27c18
https://conda.anaconda.org/conda-forge/linux-64/greenlet-1.1.3-py37hd23a5d3_0.tar.bz2#426c53c95df106039da865c0095e2a65
https://conda.anaconda.org/conda-forge/noarch/html5lib-1.1-pyh9f0ad1d_0.tar.bz2#b2355343d6315c892543200231d7154a
https://conda.anaconda.org/conda-forge/linux-64/importlib-metadata-4.11.4-py37h89c1867_0.tar.bz2#71107630527e4bd82932952351231efe
https://conda.anaconda.org/conda-forge/noarch/importlib_resources-5.10.0-pyhd8ed1ab_0.tar.bz2#eb521efe7f5550de7573bc1629b74a05
https://conda.anaconda.org/conda-forge/noarch/jaraco.classes-3.2.3-pyhd8ed1ab_0.tar.bz2#31e4a1506968d017229bdb64695013a1
https://conda.anaconda.org/conda-forge/linux-64/jedi-0.18.1-py37h89c1867_1.tar.bz2#70159823e021d3fb6a000182b4e009d5
https://conda.anaconda.org/conda-forge/linux-64/jupyter_core-4.11.1-py37h89c1867_0.tar.bz2#6d184401b7a49bbebbfedc96bc7add1c
https://conda.anaconda.org/conda-forge/linux-64/markupsafe-2.1.1-py37h540881e_1.tar.bz2#a9123517674ab0589d955a5adbf58573
https://conda.anaconda.org/conda-forge/noarch/matplotlib-inline-0.1.6-pyhd8ed1ab_0.tar.bz2#b21613793fcc81d944c76c9f2864a7de
https://conda.anaconda.org/conda-forge/noarch/networkx-2.5-py_0.tar.bz2#d836ad8453c22192357707026ca21653
https://conda.anaconda.org/conda-forge/linux-64/numpy-1.16.6-py37haa41c4c_0.tar.bz2#64442e4c6d03ebda3625280c972e4131
https://conda.anaconda.org/conda-forge/noarch/packaging-21.3-pyhd8ed1ab_0.tar.bz2#71f1ab2de48613876becddd496371c85
https://conda.anaconda.org/conda-forge/noarch/partd-1.3.0-pyhd8ed1ab_0.tar.bz2#af8c82d121e63082926062d61d9abb54
https://conda.anaconda.org/conda-forge/linux-64/pexpect-4.8.0-py37hc8dfbb8_1.tar.bz2#fda2ad946f9f5b7ce3531cc34ab262e9
https://conda.anaconda.org/conda-forge/linux-64/pickleshare-0.7.5-py37hc8dfbb8_1002.tar.bz2#14ce4d7ec7d9a22007168539135bc6d5
https://conda.anaconda.org/conda-forge/linux-64/pillow-9.2.0-py37h850a105_2.tar.bz2#9532a440710f0245e79070561762e138
https://conda.anaconda.org/conda-forge/noarch/pip-22.3.1-pyhd8ed1ab_0.tar.bz2#da66f2851b9836d3a7c5190082a45f7d
https://conda.anaconda.org/conda-forge/linux-64/psutil-5.9.3-py37h540881e_0.tar.bz2#0c813ad118e926df328bf74899a48047
https://conda.anaconda.org/conda-forge/noarch/pygments-2.13.0-pyhd8ed1ab_0.tar.bz2#9f478e8eedd301008b5f395bad0caaed
https://conda.anaconda.org/conda-forge/linux-64/pyrsistent-0.18.1-py37h540881e_1.tar.bz2#8e25160800dafbc2a24c0aaa99a981ef
https://conda.anaconda.org/conda-forge/linux-64/pysocks-1.7.1-py37h89c1867_5.tar.bz2#8c4b0563f96363ee99f1ab864616ac63
https://conda.anaconda.org/conda-forge/noarch/python-dateutil-2.8.2-pyhd8ed1ab_0.tar.bz2#dd999d1cc9f79e67dbb855c8924c7984
https://conda.anaconda.org/conda-forge/linux-64/pyyaml-6.0-py37h540881e_4.tar.bz2#f231119f9790da6da6bd93b250b7e42e
https://conda.anaconda.org/conda-forge/linux-64/pyzmq-24.0.1-py37h0c0c2a8_0.tar.bz2#732c98a38c84984262940c868793ebb4
https://conda.anaconda.org/conda-forge/linux-64/ruamel.yaml.clib-0.2.6-py37h540881e_1.tar.bz2#f3c703ac09e7810d6c9baec89e901fb5
https://conda.anaconda.org/conda-forge/noarch/tinycss2-1.2.1-pyhd8ed1ab_0.tar.bz2#7234c9eefff659501cd2fe0d2ede4d48
https://conda.anaconda.org/conda-forge/linux-64/tornado-6.2-py37h540881e_0.tar.bz2#2f0863ba6b29d1d2872b064dd697a492
https://conda.anaconda.org/conda-forge/noarch/tqdm-4.64.1-pyhd8ed1ab_0.tar.bz2#5526ff3f88f9db87bb0924b9ce575345
https://conda.anaconda.org/conda-forge/noarch/typing-extensions-4.4.0-hd8ed1ab_0.tar.bz2#be969210b61b897775a0de63cd9e9026
https://conda.anaconda.org/conda-forge/linux-64/argon2-cffi-bindings-21.2.0-py37h540881e_2.tar.bz2#ff22fac37e988bed992b1f437e05906a
https://conda.anaconda.org/conda-forge/linux-64/astropy-4.0.3-py37h8f50634_0.tar.bz2#c4bcb7de8bc1499eb81bec7b072992c8
https://conda.anaconda.org/conda-forge/noarch/bleach-5.0.1-pyhd8ed1ab_0.tar.bz2#1f5151d37e4a2b1137f81c89a3a769f2
https://conda.anaconda.org/conda-forge/linux-64/brotlipy-0.7.0-py37h540881e_1004.tar.bz2#2703cec0c296bad200deecfe132db0fa
https://conda.anaconda.org/conda-forge/linux-64/cryptography-38.0.2-py37h5994e8b_1.tar.bz2#5a8bb0074be9d20d456957f92b72beed
https://conda.anaconda.org/conda-forge/noarch/dask-core-2022.2.0-pyhd8ed1ab_0.tar.bz2#d8410c1ab31b3f5196e0cff0125779c1
https://conda.anaconda.org/conda-forge/linux-64/imagecodecs-lite-2019.12.3-py37h902c9e0_3.tar.bz2#e2d02d6b515d563060e8b55a51c54b4f
https://conda.anaconda.org/conda-forge/noarch/imageio-2.22.0-pyhfa7a67d_0.tar.bz2#9d10b00d27b54836d40759608d558276
https://conda.anaconda.org/conda-forge/noarch/importlib_metadata-4.11.4-hd8ed1ab_0.tar.bz2#9a1925fdb91c81437b8012e48ede6851
https://conda.anaconda.org/conda-forge/noarch/jinja2-3.1.2-pyhd8ed1ab_1.tar.bz2#c8490ed5c70966d232fdd389d0dbed37
https://conda.anaconda.org/conda-forge/noarch/jsonschema-4.17.0-pyhd8ed1ab_0.tar.bz2#8e85461b6f906519ce662845027ea98f
https://conda.anaconda.org/conda-forge/noarch/jupyter_client-7.1.0-pyhd8ed1ab_0.tar.bz2#c1460cc25b6a86d1b66ab6c3c471b791
https://conda.anaconda.org/conda-forge/noarch/jupyterlab_pygments-0.2.2-pyhd8ed1ab_0.tar.bz2#243f63592c8e449f40cd42eb5cf32f40
https://conda.anaconda.org/conda-forge/linux-64/kiwisolver-1.4.4-py37h7cecad7_0.tar.bz2#997912aa3ebab21640e3ba5ec168353d
https://conda.anaconda.org/conda-forge/noarch/mako-1.2.3-pyhd8ed1ab_0.tar.bz2#f19bdf719a181766edd09cbc08616868
https://conda.anaconda.org/conda-forge/linux-64/pywavelets-1.1.1-py37h902c9e0_3.tar.bz2#104648a5a091a493046a62704eef5c49
https://conda.anaconda.org/conda-forge/linux-64/ruamel.yaml-0.17.21-py37h540881e_1.tar.bz2#6232de79d3fe4aaa00f5f34d3da55c2a
https://conda.anaconda.org/conda-forge/linux-64/scipy-1.6.1-py37h14a347d_0.tar.bz2#acfce202a1f376f2968ca6165b164342
https://conda.anaconda.org/conda-forge/linux-64/shapely-1.7.1-py37hf7ed6d2_4.tar.bz2#0209359199915534c567ffc7fafdb6c4
https://conda.anaconda.org/conda-forge/linux-64/sqlalchemy-1.4.42-py37h540881e_0.tar.bz2#921bb310665fba1ed0f64f3287fda6d4
https://conda.anaconda.org/conda-forge/noarch/terminado-0.17.0-pyh41d4057_0.tar.bz2#57127b015e2f20aa5410666c58a07d61
https://conda.anaconda.org/conda-forge/noarch/wcwidth-0.2.5-pyh9f0ad1d_2.tar.bz2#5266fcd697043c59621fda522b3d78ee
https://conda.anaconda.org/conda-forge/noarch/alembic-1.8.1-pyhd8ed1ab_0.tar.bz2#bdde76f5d65a9374d07aa3dfa27571e0
https://conda.anaconda.org/conda-forge/noarch/argon2-cffi-21.3.0-pyhd8ed1ab_0.tar.bz2#a0b402db58f73aaab8ee0ca1025a362e
https://conda.anaconda.org/conda-forge/linux-64/astropy-healpix-0.5-py37ha21ca33_1.tar.bz2#ce242d4e50f517ef761be1ded82dd066
https://conda.anaconda.org/conda-forge/noarch/jupyter_telemetry-0.1.0-pyhd8ed1ab_1.tar.bz2#bb9ebdb6d5aa2622484aff1faceee181
https://conda.anaconda.org/conda-forge/linux-64/matplotlib-base-3.1.3-py37h250f245_0.tar.bz2#915c10fa014780167f23701e37086b87
https://conda.anaconda.org/conda-forge/noarch/nbformat-5.7.0-pyhd8ed1ab_0.tar.bz2#f8439ce65664bec6d348346590ed57f0
https://conda.anaconda.org/conda-forge/noarch/oauthlib-3.2.2-pyhd8ed1ab_0.tar.bz2#8f882b197fd9c4941a787926baea4868
https://conda.anaconda.org/conda-forge/noarch/prompt-toolkit-3.0.32-pyha770c72_0.tar.bz2#3e9740adeebfdffcfb3f1df1564c357c
https://conda.anaconda.org/conda-forge/noarch/pyopenssl-22.1.0-pyhd8ed1ab_0.tar.bz2#fbfa0a180d48c800f922a10a114a8632
https://conda.anaconda.org/conda-forge/linux-64/pyregion-2.0-py37h902c9e0_1001.tar.bz2#1a1020852d24ffbef4f7de248b78bdaa
https://conda.anaconda.org/conda-forge/linux-64/secretstorage-3.3.3-py37h89c1867_0.tar.bz2#17f1c111db574c3553242dba1f47566f
https://conda.anaconda.org/conda-forge/noarch/tifffile-2020.6.3-py_0.tar.bz2#1fb771bb25b2eecbc73abf5143fa35bd
https://conda.anaconda.org/conda-forge/noarch/certipy-0.1.3-py_0.tar.bz2#23486713ef5712923e7c57cae609b22e
https://conda.anaconda.org/conda-forge/linux-64/ipython-7.33.0-py37h89c1867_0.tar.bz2#e4841787deb237aad17b2d44a2d32c23
https://conda.anaconda.org/conda-forge/linux-64/keyring-23.9.3-py37h89c1867_0.tar.bz2#42560fedbc8aa3d8eac4cb7a08514553
https://conda.anaconda.org/conda-forge/noarch/nbclient-0.7.0-pyhd8ed1ab_0.tar.bz2#87eed34d791330d8acdab6a8ab63113f
https://conda.anaconda.org/conda-forge/linux-64/reproject-0.7.1-py37h902c9e0_1.tar.bz2#dee99982f5cb2ca21e01d0641644964d
https://conda.anaconda.org/conda-forge/noarch/urllib3-1.25.11-py_0.tar.bz2#4ce0599839b2b4418befe201e5f072fc
https://conda.anaconda.org/conda-forge/noarch/ipykernel-6.16.2-pyh210e3f2_0.tar.bz2#6b0f40821b784cac8a33d0c5eb7602c0
https://conda.anaconda.org/conda-forge/noarch/nbconvert-core-7.2.4-pyhd8ed1ab_0.tar.bz2#4842b0ffe67983b40333fe4bf73d1d6d
https://conda.anaconda.org/conda-forge/linux-64/requests-2.22.0-py37_1.tar.bz2#bf65cbc8377364a1fa18f5cf4da43094
https://conda.anaconda.org/conda-forge/noarch/astroquery-0.4.1-pyh9f0ad1d_0.tar.bz2#546654df644c4c051e9cbd31b370cf67
https://conda.anaconda.org/conda-forge/noarch/jupyterhub-base-3.0.0-pyh2a2186d_1.tar.bz2#d8efff056998d68e411246ca8fc20599
https://conda.anaconda.org/conda-forge/noarch/nbconvert-pandoc-7.2.4-pyhd8ed1ab_0.tar.bz2#ccb1679d3a83ddbf5dad2f08c417c8ad
https://conda.anaconda.org/conda-forge/noarch/pooch-1.6.0-pyhd8ed1ab_0.tar.bz2#6429e1d1091c51f626b5dcfdd38bf429
https://conda.anaconda.org/conda-forge/noarch/zenodo_get-1.3.4-pyhd8ed1ab_0.tar.bz2#e21223e1513ff71ec4e90d7ec78e8674
https://conda.anaconda.org/conda-forge/noarch/nbconvert-7.2.4-pyhd8ed1ab_0.tar.bz2#8b8b8d45d361a04bf6949655efd7d66a
https://conda.anaconda.org/conda-forge/linux-64/scikit-image-0.18.1-py37hdc94413_0.tar.bz2#3348b3eb7417d40f2f2b55614e4266e4
https://conda.anaconda.org/conda-forge/noarch/aplpy-2.0.3-py_1.tar.bz2#c487f819ae8af97dfb597a63c7595929
https://conda.anaconda.org/conda-forge/noarch/jupyter_server-1.13.1-pyhd8ed1ab_0.tar.bz2#11026852b1a957f29babc219f3a98f3e
https://conda.anaconda.org/conda-forge/noarch/notebook-6.4.12-pyha770c72_0.tar.bz2#77fc67c5bbea44fd41e8bbe2ac82d1ad
https://conda.anaconda.org/conda-forge/noarch/jupyterlab_server-2.16.3-pyhd8ed1ab_0.tar.bz2#7141271af36d1e0a1c6d5a955528bc1e
https://conda.anaconda.org/conda-forge/noarch/notebook-shim-0.2.2-pyhd8ed1ab_0.tar.bz2#40be846cd4e78672a40e43db9dae753c
https://conda.anaconda.org/conda-forge/noarch/nbclassic-0.3.7-pyhd8ed1ab_0.tar.bz2#a8a7139140a7512c90514444444a4991
https://conda.anaconda.org/conda-forge/noarch/jupyterlab-3.3.4-pyhd8ed1ab_0.tar.bz2#bb59182858cf3e548c2811183afd071c
https://conda.anaconda.org/conda-forge/noarch/jupyterhub-singleuser-3.0.0-pyh2a2186d_1.tar.bz2#24d635991b94687abb2b6b2f9d43d5af
# pip custom-inherit @ https://files.pythonhosted.org/packages/8b/eb/7d530295d32148460e0fc4438b667449082a91badb1f98de4f159dd82a7d/custom_inherit-2.4.0-py3-none-any.whl#sha256=a332144a96ab6a61a81144b23aeac244efb4122a04bb489bbd12bf0624179851
# pip diskcache @ https://files.pythonhosted.org/packages/a1/c4/80d38cf6852ba87f8b506a91f18b3a485c668f452700689add960d7e2ecc/diskcache-5.4.0-py3-none-any.whl#sha256=af3ec6d7f167bbef7b6c33d9ee22f86d3e8f2dd7131eb7c4703d8d91ccdc0cc4
# pip tabulate @ https://files.pythonhosted.org/packages/40/44/4a5f08c96eb108af5cb50b41f76142f0afa346dfa99d5296fe7202a11854/tabulate-0.9.0-py3-none-any.whl#sha256=024ca478df22e9340661486f85298cff5f6dcdba14f3813e8830015b9ed1948f
# pip wrapt @ https://files.pythonhosted.org/packages/49/a8/528295a24655f901148177355edb6a22b84abb2abfadacc1675643c1434a/wrapt-1.14.1-cp37-cp37m-manylinux_2_5_x86_64.manylinux1_x86_64.manylinux_2_17_x86_64.manylinux2014_x86_64.whl#sha256=8d649d616e5c6a678b26d15ece345354f7c2286acd6db868e65fcc5ff7c24a77
# pip deprecated @ https://files.pythonhosted.org/packages/51/6a/c3a0408646408f7283b7bc550c30a32cc791181ec4618592eec13e066ce3/Deprecated-1.2.13-py2.py3-none-any.whl#sha256=64756e3e14c8c5eea9795d93c524551432a0be75629f8f29e67ab8caf076c76d
# pip pycf3 @ https://files.pythonhosted.org/packages/99/d2/bf20a8fa9dba1ad18c382f7d6a563ec458ce0b493e480496de31c4e002b7/pycf3-2020.12-py3-none-any.whl#sha256=e874c1b4a682515cc172a5f1599d9cd650b6a719a81261134d05c4fd06864d1d
